{
  "requires": true,
  "lockfileVersion": 1,
  "dependencies": {
    "@types/chart.js": {
      "version": "2.7.55",
      "resolved": "https://registry.npmjs.org/@types/chart.js/-/chart.js-2.7.55.tgz",
      "integrity": "sha512-CACGbxPkr0vcyrZFpDAr4dqpfgu/PiHWzsKAhXdY+g72Laebjn/dijr7ExwVv9JS/99KrhtKmfJ0vBEhPTJBTQ=="
    },
    "lodash": {
      "version": "4.17.11",
      "resolved": "https://registry.npmjs.org/lodash/-/lodash-4.17.11.tgz",
      "integrity": "sha512-cQKh8igo5QUhZ7lg38DYWAxMvjSAKG0A8wGSVimP07SIUEK2UO+arSRKbRZWtelMtN5V0Hkwh5ryOto/SshYIg=="
    },
    "ng2-charts": {
      "version": "2.3.0",
      "resolved": "https://registry.npmjs.org/ng2-charts/-/ng2-charts-2.3.0.tgz",
      "integrity": "sha512-D5K7OqF0m5lOBYvNOsraoEo4OPHja9zfGNj+HWy2nUcP0LP2s+Y/QaQlkG/1rHlwXq9HPm8rLxzSutA0eLHxGQ==",
      "requires": {
        "@types/chart.js": "^2.7.48",
        "lodash": "^4.17.11",
        "tslib": "^1.9.0"
      }
    },
    "tslib": {
      "version": "1.10.0",
      "resolved": "https://registry.npmjs.org/tslib/-/tslib-1.10.0.tgz",
      "integrity": "sha512-qOebF53frne81cf0S9B41ByenJ3/IuH8yJKngAX35CmiZySA0khhkovshKK+jGCaMnVomla7gVlIcc3EvKPbTQ=="
    }
  }
}
